
Microsoft Visual Studio Solution File, Format Version 12.00
# Visual Studio Version 17
VisualStudioVersion = 17.9.34728.123
MinimumVisualStudioVersion = 10.0.40219.1
Project("{2150E333-8FDC-42A3-9474-1A3956D46DE8}") = "Initializer", "Initializer", "{115FE273-D3F3-463B-B23B-601298EDC672}"
EndProject
Project("{2150E333-8FDC-42A3-9474-1A3956D46DE8}") = "Modules", "Modules", "{A37B8DB3-D5CF-472E-B837-6443D23197E6}"
EndProject
Project("{2150E333-8FDC-42A3-9474-1A3956D46DE8}") = "Shared", "Shared", "{C4AC5D8E-C8A6-44A9-8910-3EB43AD320D7}"
EndProject
Project("{9A19103F-16F7-4668-BE54-9A1E7A4F7556}") = "4dev2024.Shared.Abstractions", "Shared\4dev2024.Shared.Abstractions\4dev2024.Shared.Abstractions.csproj", "{CD448285-B0C2-425B-A0A1-13928EFBBBE1}"
EndProject
Project("{9A19103F-16F7-4668-BE54-9A1E7A4F7556}") = "4dev2024.Initializer", "Initializer\4dev2024.Initializer\4dev2024.Initializer.csproj", "{B31B75FE-53DD-4919-B5A9-E8855E25CAB0}"
EndProject
Project("{9A19103F-16F7-4668-BE54-9A1E7A4F7556}") = "4dev2024.Shared.Infrastructure", "Shared\4dev2024.Shared.Infrastructure\4dev2024.Shared.Infrastructure.csproj", "{58B80067-F6F3-4774-8913-163AA03DF03F}"
EndProject
Project("{2150E333-8FDC-42A3-9474-1A3956D46DE8}") = "Clients", "Clients", "{C3D95A35-8658-4F68-802C-603B499CE136}"
EndProject
Project("{2150E333-8FDC-42A3-9474-1A3956D46DE8}") = "Orders", "Orders", "{9394D893-82B3-420B-9B4B-01B36EEEA6EB}"
EndProject
Project("{9A19103F-16F7-4668-BE54-9A1E7A4F7556}") = "4dev2024.Modules.Clients.Api", "Modules\4dev2024.Modules.Clients.Api\4dev2024.Modules.Clients.Api.csproj", "{A9306315-80B1-44A7-8B90-08F438402CB6}"
EndProject
Project("{9A19103F-16F7-4668-BE54-9A1E7A4F7556}") = "4dev2024.Modules.Clients.Core", "Modules\4dev2024.Modules.Clients.Core\4dev2024.Modules.Clients.Core.csproj", "{DDA37FA6-5015-485A-9EBE-14E5B0559698}"
EndProject
Project("{2150E333-8FDC-42A3-9474-1A3956D46DE8}") = "Products", "Products", "{060C23B1-3234-46F2-821A-9B4EE44A5331}"
EndProject
Project("{FAE04EC0-301F-11D3-BF4B-00C04F79EFBC}") = "4dev2024.Modules.Products.Api", "Modules\4dev2024.Modules.Products.Api\4dev2024.Modules.Products.Api.csproj", "{08F0A1FC-D59A-4CE4-897A-BA25B80C7783}"
EndProject
Project("{FAE04EC0-301F-11D3-BF4B-00C04F79EFBC}") = "4dev2024.Modules.Products.Core", "Modules\4dev2024.Modules.Products.Core\4dev2024.Modules.Products.Core.csproj", "{AE7E69F4-0AF9-42B0-BD18-54ABC15B2B1D}"
EndProject
Project("{9A19103F-16F7-4668-BE54-9A1E7A4F7556}") = "4dev2024.Modules.Orders.Api", "Modules\4dev2024.Modules.Orders.Api\4dev2024.Modules.Orders.Api.csproj", "{19474F9E-B27E-41C3-80D8-1AC55BF7DB4D}"
EndProject
Project("{9A19103F-16F7-4668-BE54-9A1E7A4F7556}") = "4dev2024.Modules.Orders.Core", "Modules\4dev2024.Modules.Orders.Core\4dev2024.Modules.Orders.Core.csproj", "{859D1862-9352-4116-B215-F21351C643D8}"
EndProject
Global
	GlobalSection(SolutionConfigurationPlatforms) = preSolution
		Debug|Any CPU = Debug|Any CPU
		Release|Any CPU = Release|Any CPU
	EndGlobalSection
	GlobalSection(ProjectConfigurationPlatforms) = postSolution
		{CD448285-B0C2-425B-A0A1-13928EFBBBE1}.Debug|Any CPU.ActiveCfg = Debug|Any CPU
		{CD448285-B0C2-425B-A0A1-13928EFBBBE1}.Debug|Any CPU.Build.0 = Debug|Any CPU
		{CD448285-B0C2-425B-A0A1-13928EFBBBE1}.Release|Any CPU.ActiveCfg = Release|Any CPU
		{CD448285-B0C2-425B-A0A1-13928EFBBBE1}.Release|Any CPU.Build.0 = Release|Any CPU
		{B31B75FE-53DD-4919-B5A9-E8855E25CAB0}.Debug|Any CPU.ActiveCfg = Debug|Any CPU
		{B31B75FE-53DD-4919-B5A9-E8855E25CAB0}.Debug|Any CPU.Build.0 = Debug|Any CPU
		{B31B75FE-53DD-4919-B5A9-E8855E25CAB0}.Release|Any CPU.ActiveCfg = Release|Any CPU
		{B31B75FE-53DD-4919-B5A9-E8855E25CAB0}.Release|Any CPU.Build.0 = Release|Any CPU
		{58B80067-F6F3-4774-8913-163AA03DF03F}.Debug|Any CPU.ActiveCfg = Debug|Any CPU
		{58B80067-F6F3-4774-8913-163AA03DF03F}.Debug|Any CPU.Build.0 = Debug|Any CPU
		{58B80067-F6F3-4774-8913-163AA03DF03F}.Release|Any CPU.ActiveCfg = Release|Any CPU
		{58B80067-F6F3-4774-8913-163AA03DF03F}.Release|Any CPU.Build.0 = Release|Any CPU
		{A9306315-80B1-44A7-8B90-08F438402CB6}.Debug|Any CPU.ActiveCfg = Debug|Any CPU
		{A9306315-80B1-44A7-8B90-08F438402CB6}.Debug|Any CPU.Build.0 = Debug|Any CPU
		{A9306315-80B1-44A7-8B90-08F438402CB6}.Release|Any CPU.ActiveCfg = Release|Any CPU
		{A9306315-80B1-44A7-8B90-08F438402CB6}.Release|Any CPU.Build.0 = Release|Any CPU
		{DDA37FA6-5015-485A-9EBE-14E5B0559698}.Debug|Any CPU.ActiveCfg = Debug|Any CPU
		{DDA37FA6-5015-485A-9EBE-14E5B0559698}.Debug|Any CPU.Build.0 = Debug|Any CPU
		{DDA37FA6-5015-485A-9EBE-14E5B0559698}.Release|Any CPU.ActiveCfg = Release|Any CPU
		{DDA37FA6-5015-485A-9EBE-14E5B0559698}.Release|Any CPU.Build.0 = Release|Any CPU
		{08F0A1FC-D59A-4CE4-897A-BA25B80C7783}.Debug|Any CPU.ActiveCfg = Debug|Any CPU
		{08F0A1FC-D59A-4CE4-897A-BA25B80C7783}.Debug|Any CPU.Build.0 = Debug|Any CPU
		{08F0A1FC-D59A-4CE4-897A-BA25B80C7783}.Release|Any CPU.ActiveCfg = Release|Any CPU
		{08F0A1FC-D59A-4CE4-897A-BA25B80C7783}.Release|Any CPU.Build.0 = Release|Any CPU
		{AE7E69F4-0AF9-42B0-BD18-54ABC15B2B1D}.Debug|Any CPU.ActiveCfg = Debug|Any CPU
		{AE7E69F4-0AF9-42B0-BD18-54ABC15B2B1D}.Debug|Any CPU.Build.0 = Debug|Any CPU
		{AE7E69F4-0AF9-42B0-BD18-54ABC15B2B1D}.Release|Any CPU.ActiveCfg = Release|Any CPU
		{AE7E69F4-0AF9-42B0-BD18-54ABC15B2B1D}.Release|Any CPU.Build.0 = Release|Any CPU
		{19474F9E-B27E-41C3-80D8-1AC55BF7DB4D}.Debug|Any CPU.ActiveCfg = Debug|Any CPU
		{19474F9E-B27E-41C3-80D8-1AC55BF7DB4D}.Debug|Any CPU.Build.0 = Debug|Any CPU
		{19474F9E-B27E-41C3-80D8-1AC55BF7DB4D}.Release|Any CPU.ActiveCfg = Release|Any CPU
		{19474F9E-B27E-41C3-80D8-1AC55BF7DB4D}.Release|Any CPU.Build.0 = Release|Any CPU
		{859D1862-9352-4116-B215-F21351C643D8}.Debug|Any CPU.ActiveCfg = Debug|Any CPU
		{859D1862-9352-4116-B215-F21351C643D8}.Debug|Any CPU.Build.0 = Debug|Any CPU
		{859D1862-9352-4116-B215-F21351C643D8}.Release|Any CPU.ActiveCfg = Release|Any CPU
		{859D1862-9352-4116-B215-F21351C643D8}.Release|Any CPU.Build.0 = Release|Any CPU
	EndGlobalSection
	GlobalSection(SolutionProperties) = preSolution
		HideSolutionNode = FALSE
	EndGlobalSection
	GlobalSection(NestedProjects) = preSolution
		{CD448285-B0C2-425B-A0A1-13928EFBBBE1} = {C4AC5D8E-C8A6-44A9-8910-3EB43AD320D7}
		{B31B75FE-53DD-4919-B5A9-E8855E25CAB0} = {115FE273-D3F3-463B-B23B-601298EDC672}
		{58B80067-F6F3-4774-8913-163AA03DF03F} = {C4AC5D8E-C8A6-44A9-8910-3EB43AD320D7}
		{C3D95A35-8658-4F68-802C-603B499CE136} = {A37B8DB3-D5CF-472E-B837-6443D23197E6}
		{9394D893-82B3-420B-9B4B-01B36EEEA6EB} = {A37B8DB3-D5CF-472E-B837-6443D23197E6}
		{A9306315-80B1-44A7-8B90-08F438402CB6} = {C3D95A35-8658-4F68-802C-603B499CE136}
		{DDA37FA6-5015-485A-9EBE-14E5B0559698} = {C3D95A35-8658-4F68-802C-603B499CE136}
		{060C23B1-3234-46F2-821A-9B4EE44A5331} = {A37B8DB3-D5CF-472E-B837-6443D23197E6}
		{08F0A1FC-D59A-4CE4-897A-BA25B80C7783} = {060C23B1-3234-46F2-821A-9B4EE44A5331}
		{AE7E69F4-0AF9-42B0-BD18-54ABC15B2B1D} = {060C23B1-3234-46F2-821A-9B4EE44A5331}
		{19474F9E-B27E-41C3-80D8-1AC55BF7DB4D} = {9394D893-82B3-420B-9B4B-01B36EEEA6EB}
		{859D1862-9352-4116-B215-F21351C643D8} = {9394D893-82B3-420B-9B4B-01B36EEEA6EB}
	EndGlobalSection
	GlobalSection(ExtensibilityGlobals) = postSolution
		SolutionGuid = {B1AA7F0D-816C-4628-B8CF-0B91871AD44E}
	EndGlobalSection
EndGlobal
